{
  "name": "hugbasho",
  "version": "1.0.0",
  "lockfileVersion": 2,
  "requires": true,
  "packages": {
    "": {
      "name": "hugbasho",
      "version": "1.0.0",
      "license": "ISC",
      "dependencies": {
        "dotenv": "^16.0.3",
        "twitter-api-v2": "^1.13.0"
      }
    },
    "node_modules/dotenv": {
      "version": "16.0.3",
      "resolved": "https://registry.npmjs.org/dotenv/-/dotenv-16.0.3.tgz",
      "integrity": "sha512-7GO6HghkA5fYG9TYnNxi14/7K9f5occMlp3zXAuSxn7CKCxt9xbNWG7yF8hTCSUchlfWSe3uLmlPfigevRItzQ==",
      "engines": {
        "node": ">=12"
      }
    },
    "node_modules/twitter-api-v2": {
      "version": "1.13.0",
      "resolved": "https://registry.npmjs.org/twitter-api-v2/-/twitter-api-v2-1.13.0.tgz",
      "integrity": "sha512-vtR4lwHbaG5Ep91wj9N+ZOYpJMIj+J6N2ESmyYtoBIZC+T2lQjrHAkwLRqKgEt01N+Ro/zHxpQp++QpWeCfn2A=="
    }
  },
  "dependencies": {
    "dotenv": {
      "version": "16.0.3",
      "resolved": "https://registry.npmjs.org/dotenv/-/dotenv-16.0.3.tgz",
      "integrity": "sha512-7GO6HghkA5fYG9TYnNxi14/7K9f5occMlp3zXAuSxn7CKCxt9xbNWG7yF8hTCSUchlfWSe3uLmlPfigevRItzQ=="
    },
    "twitter-api-v2": {
      "version": "1.13.0",
      "resolved": "https://registry.npmjs.org/twitter-api-v2/-/twitter-api-v2-1.13.0.tgz",
      "integrity": "sha512-vtR4lwHbaG5Ep91wj9N+ZOYpJMIj+J6N2ESmyYtoBIZC+T2lQjrHAkwLRqKgEt01N+Ro/zHxpQp++QpWeCfn2A=="
    }
  }
}
